<Solution>
  <Folder Name="/src/">
    <Project Path="src/Helpdesk.API/Helpdesk.API.csproj" />
    <Project Path="src/Helpdesk.Application/Helpdesk.Application.csproj" />
    <Project Path="src/Helpdesk.Domain/Helpdesk.Domain.csproj" />
    <Project Path="src/Helpdesk.Infrastructure/Helpdesk.Infrastructure.csproj" />
  </Folder>
  <Folder Name="/tests/">
    <Project Path="tests/Helpdesk.IntegrationTests/Helpdesk.IntegrationTests.csproj" />
    <Project Path="tests/Helpdesk.UnitTests/Helpdesk.UnitTests.csproj" />
  </Folder>
</Solution>
